
Microsoft Visual Studio Solution File, Format Version 12.00
# Visual Studio Version 17
VisualStudioVersion = 17.4.33213.308
MinimumVisualStudioVersion = 10.0.40219.1
Project("{9A19103F-16F7-4668-BE54-9A1E7A4F7556}") = "MagicVilla", "TodoApi\MagicVilla.csproj", "{DAFB7592-BBD6-42DE-A820-91551ED0114D}"
EndProject
Project("{FAE04EC0-301F-11D3-BF4B-00C04F79EFBC}") = "MagicVilla_Web", "MagicVilla_Web\MagicVilla_Web.csproj", "{73EE2CDF-989E-4A20-93E6-607FFC2EB194}"
EndProject
Project("{FAE04EC0-301F-11D3-BF4B-00C04F79EFBC}") = "MagicVilla_Utility", "MagicVilla_Utility\MagicVilla_Utility.csproj", "{BA191B77-D0AD-45C8-A233-59E47662C929}"
EndProject
Global
	GlobalSection(SolutionConfigurationPlatforms) = preSolution
		Debug|Any CPU = Debug|Any CPU
		Release|Any CPU = Release|Any CPU
	EndGlobalSection
	GlobalSection(ProjectConfigurationPlatforms) = postSolution
		{DAFB7592-BBD6-42DE-A820-91551ED0114D}.Debug|Any CPU.ActiveCfg = Debug|Any CPU
		{DAFB7592-BBD6-42DE-A820-91551ED0114D}.Debug|Any CPU.Build.0 = Debug|Any CPU
		{DAFB7592-BBD6-42DE-A820-91551ED0114D}.Release|Any CPU.ActiveCfg = Release|Any CPU
		{DAFB7592-BBD6-42DE-A820-91551ED0114D}.Release|Any CPU.Build.0 = Release|Any CPU
		{73EE2CDF-989E-4A20-93E6-607FFC2EB194}.Debug|Any CPU.ActiveCfg = Debug|Any CPU
		{73EE2CDF-989E-4A20-93E6-607FFC2EB194}.Debug|Any CPU.Build.0 = Debug|Any CPU
		{73EE2CDF-989E-4A20-93E6-607FFC2EB194}.Release|Any CPU.ActiveCfg = Release|Any CPU
		{73EE2CDF-989E-4A20-93E6-607FFC2EB194}.Release|Any CPU.Build.0 = Release|Any CPU
		{BA191B77-D0AD-45C8-A233-59E47662C929}.Debug|Any CPU.ActiveCfg = Debug|Any CPU
		{BA191B77-D0AD-45C8-A233-59E47662C929}.Debug|Any CPU.Build.0 = Debug|Any CPU
		{BA191B77-D0AD-45C8-A233-59E47662C929}.Release|Any CPU.ActiveCfg = Release|Any CPU
		{BA191B77-D0AD-45C8-A233-59E47662C929}.Release|Any CPU.Build.0 = Release|Any CPU
	EndGlobalSection
	GlobalSection(SolutionProperties) = preSolution
		HideSolutionNode = FALSE
	EndGlobalSection
	GlobalSection(ExtensibilityGlobals) = postSolution
		SolutionGuid = {C67B471C-8DBD-4452-8268-9E60D05D69A9}
	EndGlobalSection
EndGlobal
